Microsoft Visual Studio Solution File, Format Version 12.00
# Visual Studio Version 17
VisualStudioVersion = 17.5.2.0
MinimumVisualStudioVersion = 10.0.40219.1
Project("{FAE04EC0-301F-11D3-BF4B-00C04F79EFBC}") = "linguini_compiler", "linguini_compiler.csproj", "{42583D25-1DCC-4898-8A93-BFD9F3F96C6D}"
EndProject
Global
	GlobalSection(SolutionConfigurationPlatforms) = preSolution
		Debug|Any CPU = Debug|Any CPU
		Release|Any CPU = Release|Any CPU
	EndGlobalSection
	GlobalSection(ProjectConfigurationPlatforms) = postSolution
		{42583D25-1DCC-4898-8A93-BFD9F3F96C6D}.Debug|Any CPU.ActiveCfg = Debug|Any CPU
		{42583D25-1DCC-4898-8A93-BFD9F3F96C6D}.Debug|Any CPU.Build.0 = Debug|Any CPU
		{42583D25-1DCC-4898-8A93-BFD9F3F96C6D}.Release|Any CPU.ActiveCfg = Release|Any CPU
		{42583D25-1DCC-4898-8A93-BFD9F3F96C6D}.Release|Any CPU.Build.0 = Release|Any CPU
	EndGlobalSection
	GlobalSection(SolutionProperties) = preSolution
		HideSolutionNode = FALSE
	EndGlobalSection
	GlobalSection(ExtensibilityGlobals) = postSolution
		SolutionGuid = {DF6C2E39-45E1-46A9-BE46-C37C226FDBC3}
	EndGlobalSection
EndGlobal
